// !$*UTF8*$!
{
	archiveVersion = 1;
	classes = {
	};
	objectVersion = 46;
	objects = {

/* Begin PBXBuildFile section */
		7D0F24DF1BCF3C9D001C9A06 /* MBProgressHUD+MJ.m in Sources */ = {isa = PBXBuildFile; fileRef = 7D0F24DB1BCF3C9D001C9A06 /* MBProgressHUD+MJ.m */; };
		7D0F24E01BCF3C9D001C9A06 /* MBProgressHUD.bundle in Resources */ = {isa = PBXBuildFile; fileRef = 7D0F24DC1BCF3C9D001C9A06 /* MBProgressHUD.bundle */; };
		7D0F24E11BCF3C9D001C9A06 /* MBProgressHUD.m in Sources */ = {isa = PBXBuildFile; fileRef = 7D0F24DE1BCF3C9D001C9A06 /* MBProgressHUD.m */; };
		7D31334F1BE1F38500B7BB27 /* Info.plist in Resources */ = {isa = PBXBuildFile; fileRef = 7D3133351BE1F38500B7BB27 /* Info.plist */; };
		7D3133501BE1F38500B7BB27 /* MASCompositeConstraint.m in Sources */ = {isa = PBXBuildFile; fileRef = 7D3133371BE1F38500B7BB27 /* MASCompositeConstraint.m */; };
		7D3133511BE1F38500B7BB27 /* MASConstraint.m in Sources */ = {isa = PBXBuildFile; fileRef = 7D31333A1BE1F38500B7BB27 /* MASConstraint.m */; };
		7D3133521BE1F38500B7BB27 /* MASConstraintMaker.m in Sources */ = {isa = PBXBuildFile; fileRef = 7D31333C1BE1F38500B7BB27 /* MASConstraintMaker.m */; };
		7D3133531BE1F38500B7BB27 /* MASLayoutConstraint.m in Sources */ = {isa = PBXBuildFile; fileRef = 7D31333E1BE1F38500B7BB27 /* MASLayoutConstraint.m */; };
		7D3133541BE1F38500B7BB27 /* MASViewAttribute.m in Sources */ = {isa = PBXBuildFile; fileRef = 7D3133421BE1F38500B7BB27 /* MASViewAttribute.m */; };
		7D3133551BE1F38500B7BB27 /* MASViewConstraint.m in Sources */ = {isa = PBXBuildFile; fileRef = 7D3133441BE1F38500B7BB27 /* MASViewConstraint.m */; };
		7D3133561BE1F38500B7BB27 /* NSArray+MASAdditions.m in Sources */ = {isa = PBXBuildFile; fileRef = 7D3133461BE1F38500B7BB27 /* NSArray+MASAdditions.m */; };
		7D3133571BE1F38500B7BB27 /* NSLayoutConstraint+MASDebugAdditions.m in Sources */ = {isa = PBXBuildFile; fileRef = 7D3133491BE1F38500B7BB27 /* NSLayoutConstraint+MASDebugAdditions.m */; };
		7D3133581BE1F38500B7BB27 /* View+MASAdditions.m in Sources */ = {isa = PBXBuildFile; fileRef = 7D31334B1BE1F38500B7BB27 /* View+MASAdditions.m */; };
		7D3133591BE1F38500B7BB27 /* ViewController+MASAdditions.m in Sources */ = {isa = PBXBuildFile; fileRef = 7D31334E1BE1F38500B7BB27 /* ViewController+MASAdditions.m */; };
		7D3133621BE2182100B7BB27 /* ColorBoardViewController.m in Sources */ = {isa = PBXBuildFile; fileRef = 7D3133611BE2182100B7BB27 /* ColorBoardViewController.m */; };
		7D3133721BE21B5B00B7BB27 /* UIImage+Extension.m in Sources */ = {isa = PBXBuildFile; fileRef = 7D31336F1BE21B5B00B7BB27 /* UIImage+Extension.m */; };
		7D38C0DC1BDF5AA00009D6E6 /* RGBViewController.m in Sources */ = {isa = PBXBuildFile; fileRef = 7D38C0DB1BDF5AA00009D6E6 /* RGBViewController.m */; };
		7D38C0DF1BDF60330009D6E6 /* ConnectionViewController.m in Sources */ = {isa = PBXBuildFile; fileRef = 7D38C0DE1BDF60330009D6E6 /* ConnectionViewController.m */; };
		7D652F4D1BCDE4460019BCA9 /* main.m in Sources */ = {isa = PBXBuildFile; fileRef = 7D652F4C1BCDE4460019BCA9 /* main.m */; };
		7D652F501BCDE4460019BCA9 /* AppDelegate.m in Sources */ = {isa = PBXBuildFile; fileRef = 7D652F4F1BCDE4460019BCA9 /* AppDelegate.m */; };
		7D652F561BCDE4460019BCA9 /* Main.storyboard in Resources */ = {isa = PBXBuildFile; fileRef = 7D652F541BCDE4460019BCA9 /* Main.storyboard */; };
		7D652F581BCDE4460019BCA9 /* Assets.xcassets in Resources */ = {isa = PBXBuildFile; fileRef = 7D652F571BCDE4460019BCA9 /* Assets.xcassets */; };
		7D652F5B1BCDE4460019BCA9 /* LaunchScreen.storyboard in Resources */ = {isa = PBXBuildFile; fileRef = 7D652F591BCDE4460019BCA9 /* LaunchScreen.storyboard */; };
		7D652F661BCDE4460019BCA9 /* BlueDemoTests.m in Sources */ = {isa = PBXBuildFile; fileRef = 7D652F651BCDE4460019BCA9 /* BlueDemoTests.m */; };
		7D652F711BCDE4460019BCA9 /* BlueDemoUITests.m in Sources */ = {isa = PBXBuildFile; fileRef = 7D652F701BCDE4460019BCA9 /* BlueDemoUITests.m */; };
		7D652F801BCDE4C00019BCA9 /* SwitchViewController.m in Sources */ = {isa = PBXBuildFile; fileRef = 7D652F7F1BCDE4C00019BCA9 /* SwitchViewController.m */; };
		7D652F921BCDE5880019BCA9 /* FDGapLayoutGuide.m in Sources */ = {isa = PBXBuildFile; fileRef = 7D652F831BCDE5870019BCA9 /* FDGapLayoutGuide.m */; };
		7D652F931BCDE5880019BCA9 /* FDLayoutSpacer.m in Sources */ = {isa = PBXBuildFile; fileRef = 7D652F851BCDE5870019BCA9 /* FDLayoutSpacer.m */; };
		7D652F941BCDE5880019BCA9 /* FDStackView.m in Sources */ = {isa = PBXBuildFile; fileRef = 7D652F871BCDE5870019BCA9 /* FDStackView.m */; };
		7D652F951BCDE5880019BCA9 /* FDStackViewAlignmentLayoutArrangement.m in Sources */ = {isa = PBXBuildFile; fileRef = 7D652F891BCDE5870019BCA9 /* FDStackViewAlignmentLayoutArrangement.m */; };
		7D652F961BCDE5880019BCA9 /* FDStackViewDistributionLayoutArrangement.m in Sources */ = {isa = PBXBuildFile; fileRef = 7D652F8B1BCDE5870019BCA9 /* FDStackViewDistributionLayoutArrangement.m */; };
		7D652F971BCDE5880019BCA9 /* FDStackViewExtensions.m in Sources */ = {isa = PBXBuildFile; fileRef = 7D652F8D1BCDE5870019BCA9 /* FDStackViewExtensions.m */; };
		7D652F981BCDE5880019BCA9 /* FDStackViewLayoutArrangement.m in Sources */ = {isa = PBXBuildFile; fileRef = 7D652F8F1BCDE5870019BCA9 /* FDStackViewLayoutArrangement.m */; };
		7D652F991BCDE5880019BCA9 /* FDTransformLayer.m in Sources */ = {isa = PBXBuildFile; fileRef = 7D652F911BCDE5880019BCA9 /* FDTransformLayer.m */; };
		7D8484701BE5EEBE00C34D89 /* OBShapedButton.m in Sources */ = {isa = PBXBuildFile; fileRef = 7D84846F1BE5EEBE00C34D89 /* OBShapedButton.m */; };
		7DE5FFFD1BE2F87700282CAF /* UIImage+ColorAtPixel.m in Sources */ = {isa = PBXBuildFile; fileRef = 7DE5FFFC1BE2F87700282CAF /* UIImage+ColorAtPixel.m */; };
		7DF038F11BE3DB60007D49FF /* HSV.c in Sources */ = {isa = PBXBuildFile; fileRef = 7DF038EF1BE3DB60007D49FF /* HSV.c */; };
		7DF038F41BE3DBB7007D49FF /* UIColor+Convert.m in Sources */ = {isa = PBXBuildFile; fileRef = 7DF038F31BE3DBB7007D49FF /* UIColor+Convert.m */; };
/* End PBXBuildFile section */

/* Begin PBXContainerItemProxy section */
		7D652F621BCDE4460019BCA9 /* PBXContainerItemProxy */ = {
			isa = PBXContainerItemProxy;
			containerPortal = 7D652F401BCDE4460019BCA9 /* Project object */;
			proxyType = 1;
			remoteGlobalIDString = 7D652F471BCDE4460019BCA9;
			remoteInfo = BlueDemo;
		};
		7D652F6D1BCDE4460019BCA9 /* PBXContainerItemProxy */ = {
			isa = PBXContainerItemProxy;
			containerPortal = 7D652F401BCDE4460019BCA9 /* Project object */;
			proxyType = 1;
			remoteGlobalIDString = 7D652F471BCDE4460019BCA9;
			remoteInfo = BlueDemo;
		};
/* End PBXContainerItemProxy section */

/* Begin PBXFileReference section */
		7D0F24DA1BCF3C9D001C9A06 /* MBProgressHUD+MJ.h */ = {isa = PBXFileReference; fileEncoding = 4; lastKnownFileType = sourcecode.c.h; path = "MBProgressHUD+MJ.h"; sourceTree = "<group>"; };
		7D0F24DB1BCF3C9D001C9A06 /* MBProgressHUD+MJ.m */ = {isa = PBXFileReference; fileEncoding = 4; lastKnownFileType = sourcecode.c.objc; path = "MBProgressHUD+MJ.m"; sourceTree = "<group>"; };
		7D0F24DC1BCF3C9D001C9A06 /* MBProgressHUD.bundle */ = {isa = PBXFileReference; lastKnownFileType = "wrapper.plug-in"; path = MBProgressHUD.bundle; sourceTree = "<group>"; };
		7D0F24DD1BCF3C9D001C9A06 /* MBProgressHUD.h */ = {isa = PBXFileReference; fileEncoding = 4; lastKnownFileType = sourcecode.c.h; path = MBProgressHUD.h; sourceTree = "<group>"; };
		7D0F24DE1BCF3C9D001C9A06 /* MBProgressHUD.m */ = {isa = PBXFileReference; fileEncoding = 4; lastKnownFileType = sourcecode.c.objc; path = MBProgressHUD.m; sourceTree = "<group>"; };
		7D3133351BE1F38500B7BB27 /* Info.plist */ = {isa = PBXFileReference; fileEncoding = 4; lastKnownFileType = text.plist.xml; path = Info.plist; sourceTree = "<group>"; };
		7D3133361BE1F38500B7BB27 /* MASCompositeConstraint.h */ = {isa = PBXFileReference; fileEncoding = 4; lastKnownFileType = sourcecode.c.h; path = MASCompositeConstraint.h; sourceTree = "<group>"; };
		7D3133371BE1F38500B7BB27 /* MASCompositeConstraint.m */ = {isa = PBXFileReference; fileEncoding = 4; lastKnownFileType = sourcecode.c.objc; path = MASCompositeConstraint.m; sourceTree = "<group>"; };
		7D3133381BE1F38500B7BB27 /* MASConstraint+Private.h */ = {isa = PBXFileReference; fileEncoding = 4; lastKnownFileType = sourcecode.c.h; path = "MASConstraint+Private.h"; sourceTree = "<group>"; };
		7D3133391BE1F38500B7BB27 /* MASConstraint.h */ = {isa = PBXFileReference; fileEncoding = 4; lastKnownFileType = sourcecode.c.h; path = MASConstraint.h; sourceTree = "<group>"; };
		7D31333A1BE1F38500B7BB27 /* MASConstraint.m */ = {isa = PBXFileReference; fileEncoding = 4; lastKnownFileType = sourcecode.c.objc; path = MASConstraint.m; sourceTree = "<group>"; };
		7D31333B1BE1F38500B7BB27 /* MASConstraintMaker.h */ = {isa = PBXFileReference; fileEncoding = 4; lastKnownFileType = sourcecode.c.h; path = MASConstraintMaker.h; sourceTree = "<group>"; };
		7D31333C1BE1F38500B7BB27 /* MASConstraintMaker.m */ = {isa = PBXFileReference; fileEncoding = 4; lastKnownFileType = sourcecode.c.objc; path = MASConstraintMaker.m; sourceTree = "<group>"; };
		7D31333D1BE1F38500B7BB27 /* MASLayoutConstraint.h */ = {isa = PBXFileReference; fileEncoding = 4; lastKnownFileType = sourcecode.c.h; path = MASLayoutConstraint.h; sourceTree = "<group>"; };
		7D31333E1BE1F38500B7BB27 /* MASLayoutConstraint.m */ = {isa = PBXFileReference; fileEncoding = 4; lastKnownFileType = sourcecode.c.objc; path = MASLayoutConstraint.m; sourceTree = "<group>"; };
		7D31333F1BE1F38500B7BB27 /* Masonry.h */ = {isa = PBXFileReference; fileEncoding = 4; lastKnownFileType = sourcecode.c.h; path = Masonry.h; sourceTree = "<group>"; };
		7D3133401BE1F38500B7BB27 /* MASUtilities.h */ = {isa = PBXFileReference; fileEncoding = 4; lastKnownFileType = sourcecode.c.h; path = MASUtilities.h; sourceTree = "<group>"; };
		7D3133411BE1F38500B7BB27 /* MASViewAttribute.h */ = {isa = PBXFileReference; fileEncoding = 4; lastKnownFileType = sourcecode.c.h; path = MASViewAttribute.h; sourceTree = "<group>"; };
		7D3133421BE1F38500B7BB27 /* MASViewAttribute.m */ = {isa = PBXFileReference; fileEncoding = 4; lastKnownFileType = sourcecode.c.objc; path = MASViewAttribute.m; sourceTree = "<group>"; };
		7D3133431BE1F38500B7BB27 /* MASViewConstraint.h */ = {isa = PBXFileReference; fileEncoding = 4; lastKnownFileType = sourcecode.c.h; path = MASViewConstraint.h; sourceTree = "<group>"; };
		7D3133441BE1F38500B7BB27 /* MASViewConstraint.m */ = {isa = PBXFileReference; fileEncoding = 4; lastKnownFileType = sourcecode.c.objc; path = MASViewConstraint.m; sourceTree = "<group>"; };
		7D3133451BE1F38500B7BB27 /* NSArray+MASAdditions.h */ = {isa = PBXFileReference; fileEncoding = 4; lastKnownFileType = sourcecode.c.h; path = "NSArray+MASAdditions.h"; sourceTree = "<group>"; };
		7D3133461BE1F38500B7BB27 /* NSArray+MASAdditions.m */ = {isa = PBXFileReference; fileEncoding = 4; lastKnownFileType = sourcecode.c.objc; path = "NSArray+MASAdditions.m"; sourceTree = "<group>"; };
		7D3133471BE1F38500B7BB27 /* NSArray+MASShorthandAdditions.h */ = {isa = PBXFileReference; fileEncoding = 4; lastKnownFileType = sourcecode.c.h; path = "NSArray+MASShorthandAdditions.h"; sourceTree = "<group>"; };
		7D3133481BE1F38500B7BB27 /* NSLayoutConstraint+MASDebugAdditions.h */ = {isa = PBXFileReference; fileEncoding = 4; lastKnownFileType = sourcecode.c.h; path = "NSLayoutConstraint+MASDebugAdditions.h"; sourceTree = "<group>"; };
		7D3133491BE1F38500B7BB27 /* NSLayoutConstraint+MASDebugAdditions.m */ = {isa = PBXFileReference; fileEncoding = 4; lastKnownFileType = sourcecode.c.objc; path = "NSLayoutConstraint+MASDebugAdditions.m"; sourceTree = "<group>"; };
		7D31334A1BE1F38500B7BB27 /* View+MASAdditions.h */ = {isa = PBXFileReference; fileEncoding = 4; lastKnownFileType = sourcecode.c.h; path = "View+MASAdditions.h"; sourceTree = "<group>"; };
		7D31334B1BE1F38500B7BB27 /* View+MASAdditions.m */ = {isa = PBXFileReference; fileEncoding = 4; lastKnownFileType = sourcecode.c.objc; path = "View+MASAdditions.m"; sourceTree = "<group>"; };
		7D31334C1BE1F38500B7BB27 /* View+MASShorthandAdditions.h */ = {isa = PBXFileReference; fileEncoding = 4; lastKnownFileType = sourcecode.c.h; path = "View+MASShorthandAdditions.h"; sourceTree = "<group>"; };
		7D31334D1BE1F38500B7BB27 /* ViewController+MASAdditions.h */ = {isa = PBXFileReference; fileEncoding = 4; lastKnownFileType = sourcecode.c.h; path = "ViewController+MASAdditions.h"; sourceTree = "<group>"; };
		7D31334E1BE1F38500B7BB27 /* ViewController+MASAdditions.m */ = {isa = PBXFileReference; fileEncoding = 4; lastKnownFileType = sourcecode.c.objc; path = "ViewController+MASAdditions.m"; sourceTree = "<group>"; };
		7D3133601BE2182100B7BB27 /* ColorBoardViewController.h */ = {isa = PBXFileReference; fileEncoding = 4; lastKnownFileType = sourcecode.c.h; path = ColorBoardViewController.h; sourceTree = "<group>"; };
		7D3133611BE2182100B7BB27 /* ColorBoardViewController.m */ = {isa = PBXFileReference; fileEncoding = 4; lastKnownFileType = sourcecode.c.objc; path = ColorBoardViewController.m; sourceTree = "<group>"; };
		7D31336E1BE21B5B00B7BB27 /* UIImage+Extension.h */ = {isa = PBXFileReference; fileEncoding = 4; lastKnownFileType = sourcecode.c.h; path = "UIImage+Extension.h"; sourceTree = "<group>"; };
		7D31336F1BE21B5B00B7BB27 /* UIImage+Extension.m */ = {isa = PBXFileReference; fileEncoding = 4; lastKnownFileType = sourcecode.c.objc; path = "UIImage+Extension.m"; sourceTree = "<group>"; };
		7D38C0DA1BDF5AA00009D6E6 /* RGBViewController.h */ = {isa = PBXFileReference; fileEncoding = 4; lastKnownFileType = sourcecode.c.h; path = RGBViewController.h; sourceTree = "<group>"; };
		7D38C0DB1BDF5AA00009D6E6 /* RGBViewController.m */ = {isa = PBXFileReference; fileEncoding = 4; lastKnownFileType = sourcecode.c.objc; path = RGBViewController.m; sourceTree = "<group>"; };
		7D38C0DD1BDF60330009D6E6 /* ConnectionViewController.h */ = {isa = PBXFileReference; fileEncoding = 4; lastKnownFileType = sourcecode.c.h; path = ConnectionViewController.h; sourceTree = "<group>"; };
		7D38C0DE1BDF60330009D6E6 /* ConnectionViewController.m */ = {isa = PBXFileReference; fileEncoding = 4; lastKnownFileType = sourcecode.c.objc; path = ConnectionViewController.m; sourceTree = "<group>"; };
		7D652F481BCDE4460019BCA9 /* BlueDemo.app */ = {isa = PBXFileReference; explicitFileType = wrapper.application; includeInIndex = 0; path = BlueDemo.app; sourceTree = BUILT_PRODUCTS_DIR; };
		7D652F4C1BCDE4460019BCA9 /* main.m */ = {isa = PBXFileReference; lastKnownFileType = sourcecode.c.objc; path = main.m; sourceTree = "<group>"; };
		7D652F4E1BCDE4460019BCA9 /* AppDelegate.h */ = {isa = PBXFileReference; lastKnownFileType = sourcecode.c.h; path = AppDelegate.h; sourceTree = "<group>"; };
		7D652F4F1BCDE4460019BCA9 /* AppDelegate.m */ = {isa = PBXFileReference; lastKnownFileType = sourcecode.c.objc; path = AppDelegate.m; sourceTree = "<group>"; };
		7D652F551BCDE4460019BCA9 /* Base */ = {isa = PBXFileReference; lastKnownFileType = file.storyboard; name = Base; path = Base.lproj/Main.storyboard; sourceTree = "<group>"; };
		7D652F571BCDE4460019BCA9 /* Assets.xcassets */ = {isa = PBXFileReference; lastKnownFileType = folder.assetcatalog; path = Assets.xcassets; sourceTree = "<group>"; };
		7D652F5A1BCDE4460019BCA9 /* Base */ = {isa = PBXFileReference; lastKnownFileType = file.storyboard; name = Base; path = Base.lproj/LaunchScreen.storyboard; sourceTree = "<group>"; };
		7D652F5C1BCDE4460019BCA9 /* Info.plist */ = {isa = PBXFileReference; lastKnownFileType = text.plist.xml; path = Info.plist; sourceTree = "<group>"; };
		7D652F611BCDE4460019BCA9 /* BlueDemoTests.xctest */ = {isa = PBXFileReference; explicitFileType = wrapper.cfbundle; includeInIndex = 0; path = BlueDemoTests.xctest; sourceTree = BUILT_PRODUCTS_DIR; };
		7D652F651BCDE4460019BCA9 /* BlueDemoTests.m */ = {isa = PBXFileReference; lastKnownFileType = sourcecode.c.objc; path = BlueDemoTests.m; sourceTree = "<group>"; };
		7D652F671BCDE4460019BCA9 /* Info.plist */ = {isa = PBXFileReference; lastKnownFileType = text.plist.xml; path = Info.plist; sourceTree = "<group>"; };
		7D652F6C1BCDE4460019BCA9 /* BlueDemoUITests.xctest */ = {isa = PBXFileReference; explicitFileType = wrapper.cfbundle; includeInIndex = 0; path = BlueDemoUITests.xctest; sourceTree = BUILT_PRODUCTS_DIR; };
		7D652F701BCDE4460019BCA9 /* BlueDemoUITests.m */ = {isa = PBXFileReference; lastKnownFileType = sourcecode.c.objc; path = BlueDemoUITests.m; sourceTree = "<group>"; };
		7D652F721BCDE4460019BCA9 /* Info.plist */ = {isa = PBXFileReference; lastKnownFileType = text.plist.xml; path = Info.plist; sourceTree = "<group>"; };
		7D652F7E1BCDE4C00019BCA9 /* SwitchViewController.h */ = {isa = PBXFileReference; fileEncoding = 4; lastKnownFileType = sourcecode.c.h; path = SwitchViewController.h; sourceTree = "<group>"; };
		7D652F7F1BCDE4C00019BCA9 /* SwitchViewController.m */ = {isa = PBXFileReference; fileEncoding = 4; lastKnownFileType = sourcecode.c.objc; path = SwitchViewController.m; sourceTree = "<group>"; };
		7D652F821BCDE5870019BCA9 /* FDGapLayoutGuide.h */ = {isa = PBXFileReference; fileEncoding = 4; lastKnownFileType = sourcecode.c.h; path = FDGapLayoutGuide.h; sourceTree = "<group>"; };
		7D652F831BCDE5870019BCA9 /* FDGapLayoutGuide.m */ = {isa = PBXFileReference; fileEncoding = 4; lastKnownFileType = sourcecode.c.objc; path = FDGapLayoutGuide.m; sourceTree = "<group>"; };
		7D652F841BCDE5870019BCA9 /* FDLayoutSpacer.h */ = {isa = PBXFileReference; fileEncoding = 4; lastKnownFileType = sourcecode.c.h; path = FDLayoutSpacer.h; sourceTree = "<group>"; };
		7D652F851BCDE5870019BCA9 /* FDLayoutSpacer.m */ = {isa = PBXFileReference; fileEncoding = 4; lastKnownFileType = sourcecode.c.objc; path = FDLayoutSpacer.m; sourceTree = "<group>"; };
		7D652F861BCDE5870019BCA9 /* FDStackView.h */ = {isa = PBXFileReference; fileEncoding = 4; lastKnownFileType = sourcecode.c.h; path = FDStackView.h; sourceTree = "<group>"; };
		7D652F871BCDE5870019BCA9 /* FDStackView.m */ = {isa = PBXFileReference; fileEncoding = 4; lastKnownFileType = sourcecode.c.objc; path = FDStackView.m; sourceTree = "<group>"; };
		7D652F881BCDE5870019BCA9 /* FDStackViewAlignmentLayoutArrangement.h */ = {isa = PBXFileReference; fileEncoding = 4; lastKnownFileType = sourcecode.c.h; path = FDStackViewAlignmentLayoutArrangement.h; sourceTree = "<group>"; };
		7D652F891BCDE5870019BCA9 /* FDStackViewAlignmentLayoutArrangement.m */ = {isa = PBXFileReference; fileEncoding = 4; lastKnownFileType = sourcecode.c.objc; path = FDStackViewAlignmentLayoutArrangement.m; sourceTree = "<group>"; };
		7D652F8A1BCDE5870019BCA9 /* FDStackViewDistributionLayoutArrangement.h */ = {isa = PBXFileReference; fileEncoding = 4; lastKnownFileType = sourcecode.c.h; path = FDStackViewDistributionLayoutArrangement.h; sourceTree = "<group>"; };
		7D652F8B1BCDE5870019BCA9 /* FDStackViewDistributionLayoutArrangement.m */ = {isa = PBXFileReference; fileEncoding = 4; lastKnownFileType = sourcecode.c.objc; path = FDStackViewDistributionLayoutArrangement.m; sourceTree = "<group>"; };
		7D652F8C1BCDE5870019BCA9 /* FDStackViewExtensions.h */ = {isa = PBXFileReference; fileEncoding = 4; lastKnownFileType = sourcecode.c.h; path = FDStackViewExtensions.h; sourceTree = "<group>"; };
		7D652F8D1BCDE5870019BCA9 /* FDStackViewExtensions.m */ = {isa = PBXFileReference; fileEncoding = 4; lastKnownFileType = sourcecode.c.objc; path = FDStackViewExtensions.m; sourceTree = "<group>"; };
		7D652F8E1BCDE5870019BCA9 /* FDStackViewLayoutArrangement.h */ = {isa = PBXFileReference; fileEncoding = 4; lastKnownFileType = sourcecode.c.h; path = FDStackViewLayoutArrangement.h; sourceTree = "<group>"; };
		7D652F8F1BCDE5870019BCA9 /* FDStackViewLayoutArrangement.m */ = {isa = PBXFileReference; fileEncoding = 4; lastKnownFileType = sourcecode.c.objc; path = FDStackViewLayoutArrangement.m; sourceTree = "<group>"; };
		7D652F901BCDE5870019BCA9 /* FDTransformLayer.h */ = {isa = PBXFileReference; fileEncoding = 4; lastKnownFileType = sourcecode.c.h; path = FDTransformLayer.h; sourceTree = "<group>"; };
		7D652F911BCDE5880019BCA9 /* FDTransformLayer.m */ = {isa = PBXFileReference; fileEncoding = 4; lastKnownFileType = sourcecode.c.objc; path = FDTransformLayer.m; sourceTree = "<group>"; };
		7D84846E1BE5EEBE00C34D89 /* OBShapedButton.h */ = {isa = PBXFileReference; fileEncoding = 4; lastKnownFileType = sourcecode.c.h; path = OBShapedButton.h; sourceTree = "<group>"; };
		7D84846F1BE5EEBE00C34D89 /* OBShapedButton.m */ = {isa = PBXFileReference; fileEncoding = 4; lastKnownFileType = sourcecode.c.objc; path = OBShapedButton.m; sourceTree = "<group>"; };
		7DE5FFFB1BE2F87700282CAF /* UIImage+ColorAtPixel.h */ = {isa = PBXFileReference; fileEncoding = 4; lastKnownFileType = sourcecode.c.h; path = "UIImage+ColorAtPixel.h"; sourceTree = "<group>"; };
		7DE5FFFC1BE2F87700282CAF /* UIImage+ColorAtPixel.m */ = {isa = PBXFileReference; fileEncoding = 4; lastKnownFileType = sourcecode.c.objc; path = "UIImage+ColorAtPixel.m"; sourceTree = "<group>"; };
		7DF038EF1BE3DB60007D49FF /* HSV.c */ = {isa = PBXFileReference; fileEncoding = 4; lastKnownFileType = sourcecode.c.c; path = HSV.c; sourceTree = "<group>"; };
		7DF038F01BE3DB60007D49FF /* HSV.h */ = {isa = PBXFileReference; fileEncoding = 4; lastKnownFileType = sourcecode.c.h; path = HSV.h; sourceTree = "<group>"; };
		7DF038F21BE3DBB7007D49FF /* UIColor+Convert.h */ = {isa = PBXFileReference; fileEncoding = 4; lastKnownFileType = sourcecode.c.h; path = "UIColor+Convert.h"; sourceTree = "<group>"; };
		7DF038F31BE3DBB7007D49FF /* UIColor+Convert.m */ = {isa = PBXFileReference; fileEncoding = 4; lastKnownFileType = sourcecode.c.objc; path = "UIColor+Convert.m"; sourceTree = "<group>"; };
/* End PBXFileReference section */

/* Begin PBXFrameworksBuildPhase section */
		7D652F451BCDE4460019BCA9 /* Frameworks */ = {
			isa = PBXFrameworksBuildPhase;
			buildActionMask = 2147483647;
			files = (
			);
			runOnlyForDeploymentPostprocessing = 0;
		};
		7D652F5E1BCDE4460019BCA9 /* Frameworks */ = {
			isa = PBXFrameworksBuildPhase;
			buildActionMask = 2147483647;
			files = (
			);
			runOnlyForDeploymentPostprocessing = 0;
		};
		7D652F691BCDE4460019BCA9 /* Frameworks */ = {
			isa = PBXFrameworksBuildPhase;
			buildActionMask = 2147483647;
			files = (
			);
			runOnlyForDeploymentPostprocessing = 0;
		};
/* End PBXFrameworksBuildPhase section */

/* Begin PBXGroup section */
		7D0F24D91BCF3C9D001C9A06 /* MBProgressHUD */ = {
			isa = PBXGroup;
			children = (
				7D0F24DA1BCF3C9D001C9A06 /* MBProgressHUD+MJ.h */,
				7D0F24DB1BCF3C9D001C9A06 /* MBProgressHUD+MJ.m */,
				7D0F24DC1BCF3C9D001C9A06 /* MBProgressHUD.bundle */,
				7D0F24DD1BCF3C9D001C9A06 /* MBProgressHUD.h */,
				7D0F24DE1BCF3C9D001C9A06 /* MBProgressHUD.m */,
			);
			path = MBProgressHUD;
			sourceTree = "<group>";
		};
		7D3133341BE1F38500B7BB27 /* Masonry */ = {
			isa = PBXGroup;
			children = (
				7D3133351BE1F38500B7BB27 /* Info.plist */,
				7D3133361BE1F38500B7BB27 /* MASCompositeConstraint.h */,
				7D3133371BE1F38500B7BB27 /* MASCompositeConstraint.m */,
				7D3133381BE1F38500B7BB27 /* MASConstraint+Private.h */,
				7D3133391BE1F38500B7BB27 /* MASConstraint.h */,
				7D31333A1BE1F38500B7BB27 /* MASConstraint.m */,
				7D31333B1BE1F38500B7BB27 /* MASConstraintMaker.h */,
				7D31333C1BE1F38500B7BB27 /* MASConstraintMaker.m */,
				7D31333D1BE1F38500B7BB27 /* MASLayoutConstraint.h */,
				7D31333E1BE1F38500B7BB27 /* MASLayoutConstraint.m */,
				7D31333F1BE1F38500B7BB27 /* Masonry.h */,
				7D3133401BE1F38500B7BB27 /* MASUtilities.h */,
				7D3133411BE1F38500B7BB27 /* MASViewAttribute.h */,
				7D3133421BE1F38500B7BB27 /* MASViewAttribute.m */,
				7D3133431BE1F38500B7BB27 /* MASViewConstraint.h */,
				7D3133441BE1F38500B7BB27 /* MASViewConstraint.m */,
				7D3133451BE1F38500B7BB27 /* NSArray+MASAdditions.h */,
				7D3133461BE1F38500B7BB27 /* NSArray+MASAdditions.m */,
				7D3133471BE1F38500B7BB27 /* NSArray+MASShorthandAdditions.h */,
				7D3133481BE1F38500B7BB27 /* NSLayoutConstraint+MASDebugAdditions.h */,
				7D3133491BE1F38500B7BB27 /* NSLayoutConstraint+MASDebugAdditions.m */,
				7D31334A1BE1F38500B7BB27 /* View+MASAdditions.h */,
				7D31334B1BE1F38500B7BB27 /* View+MASAdditions.m */,
				7D31334C1BE1F38500B7BB27 /* View+MASShorthandAdditions.h */,
				7D31334D1BE1F38500B7BB27 /* ViewController+MASAdditions.h */,
				7D31334E1BE1F38500B7BB27 /* ViewController+MASAdditions.m */,
			);
			path = Masonry;
			sourceTree = "<group>";
		};
		7D3133631BE21B0D00B7BB27 /* ColorBoard */ = {
			isa = PBXGroup;
			children = (
				7DF038EF1BE3DB60007D49FF /* HSV.c */,
				7DF038F01BE3DB60007D49FF /* HSV.h */,
				7DE5FFFB1BE2F87700282CAF /* UIImage+ColorAtPixel.h */,
				7DE5FFFC1BE2F87700282CAF /* UIImage+ColorAtPixel.m */,
				7DF038F21BE3DBB7007D49FF /* UIColor+Convert.h */,
				7DF038F31BE3DBB7007D49FF /* UIColor+Convert.m */,
				7D31336E1BE21B5B00B7BB27 /* UIImage+Extension.h */,
				7D31336F1BE21B5B00B7BB27 /* UIImage+Extension.m */,
			);
			path = ColorBoard;
			sourceTree = "<group>";
		};
		7D652F3F1BCDE4460019BCA9 = {
			isa = PBXGroup;
			children = (
				7D652F4A1BCDE4460019BCA9 /* BlueDemo */,
				7D652F641BCDE4460019BCA9 /* BlueDemoTests */,
				7D652F6F1BCDE4460019BCA9 /* BlueDemoUITests */,
				7D652F491BCDE4460019BCA9 /* Products */,
			);
			sourceTree = "<group>";
		};
		7D652F491BCDE4460019BCA9 /* Products */ = {
			isa = PBXGroup;
			children = (
				7D652F481BCDE4460019BCA9 /* BlueDemo.app */,
				7D652F611BCDE4460019BCA9 /* BlueDemoTests.xctest */,
				7D652F6C1BCDE4460019BCA9 /* BlueDemoUITests.xctest */,
			);
			name = Products;
			sourceTree = "<group>";
		};
		7D652F4A1BCDE4460019BCA9 /* BlueDemo */ = {
			isa = PBXGroup;
			children = (
				7D84846D1BE5EEBE00C34D89 /* shapedButton */,
				7D3133631BE21B0D00B7BB27 /* ColorBoard */,
				7D3133341BE1F38500B7BB27 /* Masonry */,
				7D0F24D91BCF3C9D001C9A06 /* MBProgressHUD */,
				7D652F811BCDE5870019BCA9 /* FDStackView */,
				7D652F4E1BCDE4460019BCA9 /* AppDelegate.h */,
				7D652F4F1BCDE4460019BCA9 /* AppDelegate.m */,
				7D38C0DD1BDF60330009D6E6 /* ConnectionViewController.h */,
				7D38C0DE1BDF60330009D6E6 /* ConnectionViewController.m */,
				7D652F7E1BCDE4C00019BCA9 /* SwitchViewController.h */,
				7D652F7F1BCDE4C00019BCA9 /* SwitchViewController.m */,
				7D38C0DA1BDF5AA00009D6E6 /* RGBViewController.h */,
				7D38C0DB1BDF5AA00009D6E6 /* RGBViewController.m */,
				7D3133601BE2182100B7BB27 /* ColorBoardViewController.h */,
				7D3133611BE2182100B7BB27 /* ColorBoardViewController.m */,
				7D652F541BCDE4460019BCA9 /* Main.storyboard */,
				7D652F571BCDE4460019BCA9 /* Assets.xcassets */,
				7D652F591BCDE4460019BCA9 /* LaunchScreen.storyboard */,
				7D652F5C1BCDE4460019BCA9 /* Info.plist */,
				7D652F4B1BCDE4460019BCA9 /* Supporting Files */,
			);
			path = BlueDemo;
			sourceTree = "<group>";
		};
		7D652F4B1BCDE4460019BCA9 /* Supporting Files */ = {
			isa = PBXGroup;
			children = (
				7D652F4C1BCDE4460019BCA9 /* main.m */,
			);
			name = "Supporting Files";
			sourceTree = "<group>";
		};
		7D652F641BCDE4460019BCA9 /* BlueDemoTests */ = {
			isa = PBXGroup;
			children = (
				7D652F651BCDE4460019BCA9 /* BlueDemoTests.m */,
				7D652F671BCDE4460019BCA9 /* Info.plist */,
			);
			path = BlueDemoTests;
			sourceTree = "<group>";
		};
		7D652F6F1BCDE4460019BCA9 /* BlueDemoUITests */ = {
			isa = PBXGroup;
			children = (
				7D652F701BCDE4460019BCA9 /* BlueDemoUITests.m */,
				7D652F721BCDE4460019BCA9 /* Info.plist */,
			);
			path = BlueDemoUITests;
			sourceTree = "<group>";
		};
		7D652F811BCDE5870019BCA9 /* FDStackView */ = {
			isa = PBXGroup;
			children = (
				7D652F821BCDE5870019BCA9 /* FDGapLayoutGuide.h */,
				7D652F831BCDE5870019BCA9 /* FDGapLayoutGuide.m */,
				7D652F841BCDE5870019BCA9 /* FDLayoutSpacer.h */,
				7D652F851BCDE5870019BCA9 /* FDLayoutSpacer.m */,
				7D652F861BCDE5870019BCA9 /* FDStackView.h */,
				7D652F871BCDE5870019BCA9 /* FDStackView.m */,
				7D652F881BCDE5870019BCA9 /* FDStackViewAlignmentLayoutArrangement.h */,
				7D652F891BCDE5870019BCA9 /* FDStackViewAlignmentLayoutArrangement.m */,
				7D652F8A1BCDE5870019BCA9 /* FDStackViewDistributionLayoutArrangement.h */,
				7D652F8B1BCDE5870019BCA9 /* FDStackViewDistributionLayoutArrangement.m */,
				7D652F8C1BCDE5870019BCA9 /* FDStackViewExtensions.h */,
				7D652F8D1BCDE5870019BCA9 /* FDStackViewExtensions.m */,
				7D652F8E1BCDE5870019BCA9 /* FDStackViewLayoutArrangement.h */,
				7D652F8F1BCDE5870019BCA9 /* FDStackViewLayoutArrangement.m */,
				7D652F901BCDE5870019BCA9 /* FDTransformLayer.h */,
				7D652F911BCDE5880019BCA9 /* FDTransformLayer.m */,
			);
			path = FDStackView;
			sourceTree = "<group>";
		};
		7D84846D1BE5EEBE00C34D89 /* shapedButton */ = {
			isa = PBXGroup;
			children = (
				7D84846E1BE5EEBE00C34D89 /* OBShapedButton.h */,
				7D84846F1BE5EEBE00C34D89 /* OBShapedButton.m */,
			);
			path = shapedButton;
			sourceTree = "<group>";
		};
/* End PBXGroup section */

/* Begin PBXNativeTarget section */
		7D652F471BCDE4460019BCA9 /* BlueDemo */ = {
			isa = PBXNativeTarget;
			buildConfigurationList = 7D652F751BCDE4460019BCA9 /* Build configuration list for PBXNativeTarget "BlueDemo" */;
			buildPhases = (
				7D652F441BCDE4460019BCA9 /* Sources */,
				7D652F451BCDE4460019BCA9 /* Frameworks */,
				7D652F461BCDE4460019BCA9 /* Resources */,
			);
			buildRules = (
			);
			dependencies = (
			);
			name = BlueDemo;
			productName = BlueDemo;
			productReference = 7D652F481BCDE4460019BCA9 /* BlueDemo.app */;
			productType = "com.apple.product-type.application";
		};
		7D652F601BCDE4460019BCA9 /* BlueDemoTests */ = {
			isa = PBXNativeTarget;
			buildConfigurationList = 7D652F781BCDE4460019BCA9 /* Build configuration list for PBXNativeTarget "BlueDemoTests" */;
			buildPhases = (
				7D652F5D1BCDE4460019BCA9 /* Sources */,
				7D652F5E1BCDE4460019BCA9 /* Frameworks */,
				7D652F5F1BCDE4460019BCA9 /* Resources */,
			);
			buildRules = (
			);
			dependencies = (
				7D652F631BCDE4460019BCA9 /* PBXTargetDependency */,
			);
			name = BlueDemoTests;
			productName = BlueDemoTests;
			productReference = 7D652F611BCDE4460019BCA9 /* BlueDemoTests.xctest */;
			productType = "com.apple.product-type.bundle.unit-test";
		};
		7D652F6B1BCDE4460019BCA9 /* BlueDemoUITests */ = {
			isa = PBXNativeTarget;
			buildConfigurationList = 7D652F7B1BCDE4460019BCA9 /* Build configuration list for PBXNativeTarget "BlueDemoUITests" */;
			buildPhases = (
				7D652F681BCDE4460019BCA9 /* Sources */,
				7D652F691BCDE4460019BCA9 /* Frameworks */,
				7D652F6A1BCDE4460019BCA9 /* Resources */,
			);
			buildRules = (
			);
			dependencies = (
				7D652F6E1BCDE4460019BCA9 /* PBXTargetDependency */,
			);
			name = BlueDemoUITests;
			productName = BlueDemoUITests;
			productReference = 7D652F6C1BCDE4460019BCA9 /* BlueDemoUITests.xctest */;
			productType = "com.apple.product-type.bundle.ui-testing";
		};
/* End PBXNativeTarget section */

/* Begin PBXProject section */
		7D652F401BCDE4460019BCA9 /* Project object */ = {
			isa = PBXProject;
			attributes = {
				LastUpgradeCheck = 0700;
				ORGANIZATIONNAME = pikeYoung;
				TargetAttributes = {
					7D652F471BCDE4460019BCA9 = {
						CreatedOnToolsVersion = 7.0.1;
						DevelopmentTeam = 23NC32JMDE;
					};
					7D652F601BCDE4460019BCA9 = {
						CreatedOnToolsVersion = 7.0.1;
						TestTargetID = 7D652F471BCDE4460019BCA9;
					};
					7D652F6B1BCDE4460019BCA9 = {
						CreatedOnToolsVersion = 7.0.1;
						TestTargetID = 7D652F471BCDE4460019BCA9;
					};
				};
			};
			buildConfigurationList = 7D652F431BCDE4460019BCA9 /* Build configuration list for PBXProject "BlueDemo" */;
			compatibilityVersion = "Xcode 3.2";
			developmentRegion = English;
			hasScannedForEncodings = 0;
			knownRegions = (
				en,
				Base,
			);
			mainGroup = 7D652F3F1BCDE4460019BCA9;
			productRefGroup = 7D652F491BCDE4460019BCA9 /* Products */;
			projectDirPath = "";
			projectRoot = "";
			targets = (
				7D652F471BCDE4460019BCA9 /* BlueDemo */,
				7D652F601BCDE4460019BCA9 /* BlueDemoTests */,
				7D652F6B1BCDE4460019BCA9 /* BlueDemoUITests */,
			);
		};
/* End PBXProject section */

/* Begin PBXResourcesBuildPhase section */
		7D652F461BCDE4460019BCA9 /* Resources */ = {
			isa = PBXResourcesBuildPhase;
			buildActionMask = 2147483647;
			files = (
				7D652F5B1BCDE4460019BCA9 /* LaunchScreen.storyboard in Resources */,
				7D0F24E01BCF3C9D001C9A06 /* MBProgressHUD.bundle in Resources */,
				7D652F581BCDE4460019BCA9 /* Assets.xcassets in Resources */,
				7D31334F1BE1F38500B7BB27 /* Info.plist in Resources */,
				7D652F561BCDE4460019BCA9 /* Main.storyboard in Resources */,
			);
			runOnlyForDeploymentPostprocessing = 0;
		};
		7D652F5F1BCDE4460019BCA9 /* Resources */ = {
			isa = PBXResourcesBuildPhase;
			buildActionMask = 2147483647;
			files = (
			);
			runOnlyForDeploymentPostprocessing = 0;
		};
		7D652F6A1BCDE4460019BCA9 /* Resources */ = {
			isa = PBXResourcesBuildPhase;
			buildActionMask = 2147483647;
			files = (
			);
			runOnlyForDeploymentPostprocessing = 0;
		};
/* End PBXResourcesBuildPhase section */

/* Begin PBXSourcesBuildPhase section */
		7D652F441BCDE4460019BCA9 /* Sources */ = {
			isa = PBXSourcesBuildPhase;
			buildActionMask = 2147483647;
			files = (
				7D0F24DF1BCF3C9D001C9A06 /* MBProgressHUD+MJ.m in Sources */,
				7D8484701BE5EEBE00C34D89 /* OBShapedButton.m in Sources */,
				7D652F801BCDE4C00019BCA9 /* SwitchViewController.m in Sources */,
				7D38C0DF1BDF60330009D6E6 /* ConnectionViewController.m in Sources */,
				7DF038F11BE3DB60007D49FF /* HSV.c in Sources */,
				7D652F941BCDE5880019BCA9 /* FDStackView.m in Sources */,
				7D652F971BCDE5880019BCA9 /* FDStackViewExtensions.m in Sources */,
				7D3133541BE1F38500B7BB27 /* MASViewAttribute.m in Sources */,
				7D3133531BE1F38500B7BB27 /* MASLayoutConstraint.m in Sources */,
				7D3133571BE1F38500B7BB27 /* NSLayoutConstraint+MASDebugAdditions.m in Sources */,
				7D3133521BE1F38500B7BB27 /* MASConstraintMaker.m in Sources */,
				7DF038F41BE3DBB7007D49FF /* UIColor+Convert.m in Sources */,
				7D652F961BCDE5880019BCA9 /* FDStackViewDistributionLayoutArrangement.m in Sources */,
				7D652F981BCDE5880019BCA9 /* FDStackViewLayoutArrangement.m in Sources */,
				7D3133591BE1F38500B7BB27 /* ViewController+MASAdditions.m in Sources */,
				7D38C0DC1BDF5AA00009D6E6 /* RGBViewController.m in Sources */,
				7D652F501BCDE4460019BCA9 /* AppDelegate.m in Sources */,
				7D652F931BCDE5880019BCA9 /* FDLayoutSpacer.m in Sources */,
				7D3133721BE21B5B00B7BB27 /* UIImage+Extension.m in Sources */,
				7D652F991BCDE5880019BCA9 /* FDTransformLayer.m in Sources */,
				7D0F24E11BCF3C9D001C9A06 /* MBProgressHUD.m in Sources */,
				7D3133621BE2182100B7BB27 /* ColorBoardViewController.m in Sources */,
				7DE5FFFD1BE2F87700282CAF /* UIImage+ColorAtPixel.m in Sources */,
				7D3133501BE1F38500B7BB27 /* MASCompositeConstraint.m in Sources */,
				7D3133561BE1F38500B7BB27 /* NSArray+MASAdditions.m in Sources */,
				7D652F951BCDE5880019BCA9 /* FDStackViewAlignmentLayoutArrangement.m in Sources */,
				7D652F4D1BCDE4460019BCA9 /* main.m in Sources */,
				7D3133581BE1F38500B7BB27 /* View+MASAdditions.m in Sources */,
				7D3133551BE1F38500B7BB27 /* MASViewConstraint.m in Sources */,
				7D3133511BE1F38500B7BB27 /* MASConstraint.m in Sources */,
				7D652F921BCDE5880019BCA9 /* FDGapLayoutGuide.m in Sources */,
			);
			runOnlyForDeploymentPostprocessing = 0;
		};
		7D652F5D1BCDE4460019BCA9 /* Sources */ = {
			isa = PBXSourcesBuildPhase;
			buildActionMask = 2147483647;
			files = (
				7D652F661BCDE4460019BCA9 /* BlueDemoTests.m in Sources */,
			);
			runOnlyForDeploymentPostprocessing = 0;
		};
		7D652F681BCDE4460019BCA9 /* Sources */ = {
			isa = PBXSourcesBuildPhase;
			buildActionMask = 2147483647;
			files = (
				7D652F711BCDE4460019BCA9 /* BlueDemoUITests.m in Sources */,
			);
			runOnlyForDeploymentPostprocessing = 0;
		};
/* End PBXSourcesBuildPhase section */

/* Begin PBXTargetDependency section */
		7D652F631BCDE4460019BCA9 /* PBXTargetDependency */ = {
			isa = PBXTargetDependency;
			target = 7D652F471BCDE4460019BCA9 /* BlueDemo */;
			targetProxy = 7D652F621BCDE4460019BCA9 /* PBXContainerItemProxy */;
		};
		7D652F6E1BCDE4460019BCA9 /* PBXTargetDependency */ = {
			isa = PBXTargetDependency;
			target = 7D652F471BCDE4460019BCA9 /* BlueDemo */;
			targetProxy = 7D652F6D1BCDE4460019BCA9 /* PBXContainerItemProxy */;
		};
/* End PBXTargetDependency section */

/* Begin PBXVariantGroup section */
		7D652F541BCDE4460019BCA9 /* Main.storyboard */ = {
			isa = PBXVariantGroup;
			children = (
				7D652F551BCDE4460019BCA9 /* Base */,
			);
			name = Main.storyboard;
			sourceTree = "<group>";
		};
		7D652F591BCDE4460019BCA9 /* LaunchScreen.storyboard */ = {
			isa = PBXVariantGroup;
			children = (
				7D652F5A1BCDE4460019BCA9 /* Base */,
			);
			name = LaunchScreen.storyboard;
			sourceTree = "<group>";
		};
/* End PBXVariantGroup section */

/* Begin XCBuildConfiguration section */
		7D652F731BCDE4460019BCA9 /* Debug */ = {
			isa = XCBuildConfiguration;
			buildSettings = {
				ALWAYS_SEARCH_USER_PATHS = NO;
				CLANG_CXX_LANGUAGE_STANDARD = "gnu++0x";
				CLANG_CXX_LIBRARY = "libc++";
				CLANG_ENABLE_MODULES = YES;
				CLANG_ENABLE_OBJC_ARC = YES;
				CLANG_WARN_BOOL_CONVERSION = YES;
				CLANG_WARN_CONSTANT_CONVERSION = YES;
				CLANG_WARN_DIRECT_OBJC_ISA_USAGE = YES_ERROR;
				CLANG_WARN_EMPTY_BODY = YES;
				CLANG_WARN_ENUM_CONVERSION = YES;
				CLANG_WARN_INT_CONVERSION = YES;
				CLANG_WARN_OBJC_ROOT_CLASS = YES_ERROR;
				CLANG_WARN_UNREACHABLE_CODE = YES;
				CLANG_WARN__DUPLICATE_METHOD_MATCH = YES;
				"CODE_SIGN_IDENTITY[sdk=iphoneos*]" = "iPhone Developer";
				COPY_PHASE_STRIP = NO;
				DEBUG_INFORMATION_FORMAT = dwarf;
				ENABLE_STRICT_OBJC_MSGSEND = YES;
				ENABLE_TESTABILITY = YES;
				GCC_C_LANGUAGE_STANDARD = gnu99;
				GCC_DYNAMIC_NO_PIC = NO;
				GCC_NO_COMMON_BLOCKS = YES;
				GCC_OPTIMIZATION_LEVEL = 0;
				GCC_PREPROCESSOR_DEFINITIONS = (
					"DEBUG=1",
					"$(inherited)",
				);
				GCC_WARN_64_TO_32_BIT_CONVERSION = YES;
				GCC_WARN_ABOUT_RETURN_TYPE = YES_ERROR;
				GCC_WARN_UNDECLARED_SELECTOR = YES;
				GCC_WARN_UNINITIALIZED_AUTOS = YES_AGGRESSIVE;
				GCC_WARN_UNUSED_FUNCTION = YES;
				GCC_WARN_UNUSED_VARIABLE = YES;
				IPHONEOS_DEPLOYMENT_TARGET = 9.0;
				MTL_ENABLE_DEBUG_INFO = YES;
				ONLY_ACTIVE_ARCH = YES;
				SDKROOT = iphoneos;
				TARGETED_DEVICE_FAMILY = "1,2";
			};
			name = Debug;
		};
		7D652F741BCDE4460019BCA9 /* Release */ = {
			isa = XCBuildConfiguration;
			buildSettings = {
				ALWAYS_SEARCH_USER_PATHS = NO;
				CLANG_CXX_LANGUAGE_STANDARD = "gnu++0x";
				CLANG_CXX_LIBRARY = "libc++";
				CLANG_ENABLE_MODULES = YES;
				CLANG_ENABLE_OBJC_ARC = YES;
				CLANG_WARN_BOOL_CONVERSION = YES;
				CLANG_WARN_CONSTANT_CONVERSION = YES;
				CLANG_WARN_DIRECT_OBJC_ISA_USAGE = YES_ERROR;
				CLANG_WARN_EMPTY_BODY = YES;
				CLANG_WARN_ENUM_CONVERSION = YES;
				CLANG_WARN_INT_CONVERSION = YES;
				CLANG_WARN_OBJC_ROOT_CLASS = YES_ERROR;
				CLANG_WARN_UNREACHABLE_CODE = YES;
				CLANG_WARN__DUPLICATE_METHOD_MATCH = YES;
				"CODE_SIGN_IDENTITY[sdk=iphoneos*]" = "iPhone Developer";
				COPY_PHASE_STRIP = NO;
				DEBUG_INFORMATION_FORMAT = "dwarf-with-dsym";
				ENABLE_NS_ASSERTIONS = NO;
				ENABLE_STRICT_OBJC_MSGSEND = YES;
				GCC_C_LANGUAGE_STANDARD = gnu99;
				GCC_NO_COMMON_BLOCKS = YES;
				GCC_WARN_64_TO_32_BIT_CONVERSION = YES;
				GCC_WARN_ABOUT_RETURN_TYPE = YES_ERROR;
				GCC_WARN_UNDECLARED_SELECTOR = YES;
				GCC_WARN_UNINITIALIZED_AUTOS = YES_AGGRESSIVE;
				GCC_WARN_UNUSED_FUNCTION = YES;
				GCC_WARN_UNUSED_VARIABLE = YES;
				IPHONEOS_DEPLOYMENT_TARGET = 9.0;
				MTL_ENABLE_DEBUG_INFO = NO;
				SDKROOT = iphoneos;
				TARGETED_DEVICE_FAMILY = "1,2";
				VALIDATE_PRODUCT = YES;
			};
			name = Release;
		};
		7D652F761BCDE4460019BCA9 /* Debug */ = {
			isa = XCBuildConfiguration;
			buildSettings = {
				ASSETCATALOG_COMPILER_APPICON_NAME = AppIcon;
				CODE_SIGN_IDENTITY = "iPhone Developer";
				GCC_PRECOMPILE_PREFIX_HEADER = NO;
				GCC_PREFIX_HEADER = "";
				INFOPLIST_FILE = BlueDemo/Info.plist;
				IPHONEOS_DEPLOYMENT_TARGET = 7.0;
				LD_RUNPATH_SEARCH_PATHS = "$(inherited) @executable_path/Frameworks";
				PRODUCT_BUNDLE_IDENTIFIER = com.id4test.yjh;
				PRODUCT_NAME = "$(TARGET_NAME)";
			};
			name = Debug;
		};
		7D652F771BCDE4460019BCA9 /* Release */ = {
			isa = XCBuildConfiguration;
			buildSettings = {
				ASSETCATALOG_COMPILER_APPICON_NAME = AppIcon;
				CODE_SIGN_IDENTITY = "iPhone Developer";
				GCC_PRECOMPILE_PREFIX_HEADER = NO;
				INFOPLIST_FILE = BlueDemo/Info.plist;
				IPHONEOS_DEPLOYMENT_TARGET = 7.0;
				LD_RUNPATH_SEARCH_PATHS = "$(inherited) @executable_path/Frameworks";
				PRODUCT_BUNDLE_IDENTIFIER = com.id4test.yjh;
				PRODUCT_NAME = "$(TARGET_NAME)";
			};
			name = Release;
		};
		7D652F791BCDE4460019BCA9 /* Debug */ = {
			isa = XCBuildConfiguration;
			buildSettings = {
				BUNDLE_LOADER = "$(TEST_HOST)";
				INFOPLIST_FILE = BlueDemoTests/Info.plist;
				LD_RUNPATH_SEARCH_PATHS = "$(inherited) @executable_path/Frameworks @loader_path/Frameworks";
				PRODUCT_BUNDLE_IDENTIFIER = cn.pike.BlueDemoTests;
				PRODUCT_NAME = "$(TARGET_NAME)";
				TEST_HOST = "$(BUILT_PRODUCTS_DIR)/BlueDemo.app/BlueDemo";
			};
			name = Debug;
		};
		7D652F7A1BCDE4460019BCA9 /* Release */ = {
			isa = XCBuildConfiguration;
			buildSettings = {
				BUNDLE_LOADER = "$(TEST_HOST)";
				INFOPLIST_FILE = BlueDemoTests/Info.plist;
				LD_RUNPATH_SEARCH_PATHS = "$(inherited) @executable_path/Frameworks @loader_path/Frameworks";
				PRODUCT_BUNDLE_IDENTIFIER = cn.pike.BlueDemoTests;
				PRODUCT_NAME = "$(TARGET_NAME)";
				TEST_HOST = "$(BUILT_PRODUCTS_DIR)/BlueDemo.app/BlueDemo";
			};
			name = Release;
		};
		7D652F7C1BCDE4460019BCA9 /* Debug */ = {
			isa = XCBuildConfiguration;
			buildSettings = {
				INFOPLIST_FILE = BlueDemoUITests/Info.plist;
				LD_RUNPATH_SEARCH_PATHS = "$(inherited) @executable_path/Frameworks @loader_path/Frameworks";
				PRODUCT_BUNDLE_IDENTIFIER = cn.pike.BlueDemoUITests;
				PRODUCT_NAME = "$(TARGET_NAME)";
				TEST_TARGET_NAME = BlueDemo;
				USES_XCTRUNNER = YES;
			};
			name = Debug;
		};
		7D652F7D1BCDE4460019BCA9 /* Release */ = {
			isa = XCBuildConfiguration;
			buildSettings = {
				INFOPLIST_FILE = BlueDemoUITests/Info.plist;
				LD_RUNPATH_SEARCH_PATHS = "$(inherited) @executable_path/Frameworks @loader_path/Frameworks";
				PRODUCT_BUNDLE_IDENTIFIER = cn.pike.BlueDemoUITests;
				PRODUCT_NAME = "$(TARGET_NAME)";
				TEST_TARGET_NAME = BlueDemo;
				USES_XCTRUNNER = YES;
			};
			name = Release;
		};
/* End XCBuildConfiguration section */

/* Begin XCConfigurationList section */
		7D652F431BCDE4460019BCA9 /* Build configuration list for PBXProject "BlueDemo" */ = {
			isa = XCConfigurationList;
			buildConfigurations = (
				7D652F731BCDE4460019BCA9 /* Debug */,
				7D652F741BCDE4460019BCA9 /* Release */,
			);
			defaultConfigurationIsVisible = 0;
			defaultConfigurationName = Release;
		};
		7D652F751BCDE4460019BCA9 /* Build configuration list for PBXNativeTarget "BlueDemo" */ = {
			isa = XCConfigurationList;
			buildConfigurations = (
				7D652F761BCDE4460019BCA9 /* Debug */,
				7D652F771BCDE4460019BCA9 /* Release */,
			);
			defaultConfigurationIsVisible = 0;
			defaultConfigurationName = Release;
		};
		7D652F781BCDE4460019BCA9 /* Build configuration list for PBXNativeTarget "BlueDemoTests" */ = {
			isa = XCConfigurationList;
			buildConfigurations = (
				7D652F791BCDE4460019BCA9 /* Debug */,
				7D652F7A1BCDE4460019BCA9 /* Release */,
			);
			defaultConfigurationIsVisible = 0;
			defaultConfigurationName = Release;
		};
		7D652F7B1BCDE4460019BCA9 /* Build configuration list for PBXNativeTarget "BlueDemoUITests" */ = {
			isa = XCConfigurationList;
			buildConfigurations = (
				7D652F7C1BCDE4460019BCA9 /* Debug */,
				7D652F7D1BCDE4460019BCA9 /* Release */,
			);
			defaultConfigurationIsVisible = 0;
			defaultConfigurationName = Release;
		};
/* End XCConfigurationList section */
	};
	rootObject = 7D652F401BCDE4460019BCA9 /* Project object */;
}
